
Microsoft Visual Studio Solution File, Format Version 12.00
# Visual Studio 15
VisualStudioVersion = 15.0.28010.2041
MinimumVisualStudioVersion = 10.0.40219.1
Project("{FAE04EC0-301F-11D3-BF4B-00C04F79EFBC}") = "MonsterBattleSimulator", "MonsterBattleSimulator\MonsterBattleSimulator.csproj", "{CDADAD6C-2FB2-459D-87CD-A3AD7F74E843}"
EndProject
Global
	GlobalSection(SolutionConfigurationPlatforms) = preSolution
		Debug|Any CPU = Debug|Any CPU
		Release|Any CPU = Release|Any CPU
	EndGlobalSection
	GlobalSection(ProjectConfigurationPlatforms) = postSolution
		{CDADAD6C-2FB2-459D-87CD-A3AD7F74E843}.Debug|Any CPU.ActiveCfg = Debug|Any CPU
		{CDADAD6C-2FB2-459D-87CD-A3AD7F74E843}.Debug|Any CPU.Build.0 = Debug|Any CPU
		{CDADAD6C-2FB2-459D-87CD-A3AD7F74E843}.Release|Any CPU.ActiveCfg = Release|Any CPU
		{CDADAD6C-2FB2-459D-87CD-A3AD7F74E843}.Release|Any CPU.Build.0 = Release|Any CPU
	EndGlobalSection
	GlobalSection(SolutionProperties) = preSolution
		HideSolutionNode = FALSE
	EndGlobalSection
	GlobalSection(ExtensibilityGlobals) = postSolution
		SolutionGuid = {3867BD84-8C13-4966-BA15-B7B4E59969F0}
	EndGlobalSection
EndGlobal
